
Microsoft Visual Studio Solution File, Format Version 12.00
# Visual Studio 15
VisualStudioVersion = 15.0.27130.2024
MinimumVisualStudioVersion = 10.0.40219.1
Project("{9A19103F-16F7-4668-BE54-9A1E7A4F7556}") = "K4os.BoolEx", "K4os.BoolEx\K4os.BoolEx.csproj", "{11435157-E2AA-41BD-A5C5-172A579EA84D}"
EndProject
Project("{FAE04EC0-301F-11D3-BF4B-00C04F79EFBC}") = "K4os.BoolEx.Test", "K4os.BoolEx.Test\K4os.BoolEx.Test.csproj", "{D9E9A2A7-0916-447E-A263-83A29F5746A4}"
EndProject
Project("{2150E333-8FDC-42A3-9474-1A3956D46DE8}") = ".build", ".build", "{835ECDA0-7229-4D96-8B74-8D9F119E6683}"
	ProjectSection(SolutionItems) = preProject
		..\build.fsx = ..\build.fsx
		..\build.tools.fsx = ..\build.tools.fsx
		..\CHANGES.md = ..\CHANGES.md
		..\paket.dependencies = ..\paket.dependencies
		..\README.md = ..\README.md
		..\.secrets.cfg = ..\.secrets.cfg
		..\Common.targets = ..\Common.targets
		..\LICENSE = ..\LICENSE
		..\settings.cfg = ..\settings.cfg
		..\.gitignore = ..\.gitignore
		..\Signing.targets = ..\Signing.targets
	EndProjectSection
EndProject
Project("{FAE04EC0-301F-11D3-BF4B-00C04F79EFBC}") = "K4os.BoolEx.Parsing", "K4os.BoolEx.Parsing\K4os.BoolEx.Parsing.csproj", "{16BF0250-F609-4C59-BA10-C2520BC4A7A0}"
EndProject
Global
	GlobalSection(SolutionConfigurationPlatforms) = preSolution
		Debug|Any CPU = Debug|Any CPU
		Release|Any CPU = Release|Any CPU
	EndGlobalSection
	GlobalSection(ProjectConfigurationPlatforms) = postSolution
		{11435157-E2AA-41BD-A5C5-172A579EA84D}.Debug|Any CPU.ActiveCfg = Debug|Any CPU
		{11435157-E2AA-41BD-A5C5-172A579EA84D}.Debug|Any CPU.Build.0 = Debug|Any CPU
		{11435157-E2AA-41BD-A5C5-172A579EA84D}.Release|Any CPU.ActiveCfg = Release|Any CPU
		{11435157-E2AA-41BD-A5C5-172A579EA84D}.Release|Any CPU.Build.0 = Release|Any CPU
		{D9E9A2A7-0916-447E-A263-83A29F5746A4}.Debug|Any CPU.ActiveCfg = Debug|Any CPU
		{D9E9A2A7-0916-447E-A263-83A29F5746A4}.Debug|Any CPU.Build.0 = Debug|Any CPU
		{D9E9A2A7-0916-447E-A263-83A29F5746A4}.Release|Any CPU.ActiveCfg = Release|Any CPU
		{D9E9A2A7-0916-447E-A263-83A29F5746A4}.Release|Any CPU.Build.0 = Release|Any CPU
		{16BF0250-F609-4C59-BA10-C2520BC4A7A0}.Debug|Any CPU.ActiveCfg = Debug|Any CPU
		{16BF0250-F609-4C59-BA10-C2520BC4A7A0}.Debug|Any CPU.Build.0 = Debug|Any CPU
		{16BF0250-F609-4C59-BA10-C2520BC4A7A0}.Release|Any CPU.ActiveCfg = Release|Any CPU
		{16BF0250-F609-4C59-BA10-C2520BC4A7A0}.Release|Any CPU.Build.0 = Release|Any CPU
	EndGlobalSection
	GlobalSection(SolutionProperties) = preSolution
		HideSolutionNode = FALSE
	EndGlobalSection
	GlobalSection(ExtensibilityGlobals) = postSolution
		SolutionGuid = {B6366E92-19E0-434B-910E-7B467FF43847}
	EndGlobalSection
EndGlobal
